
Microsoft Visual Studio Solution File, Format Version 12.00
# Visual Studio Version 16
VisualStudioVersion = 16.0.29911.84
MinimumVisualStudioVersion = 10.0.40219.1
Project("{FAE04EC0-301F-11D3-BF4B-00C04F79EFBC}") = "JamyShell", "JamyShell\JamyShell.csproj", "{5F9D1018-9751-460C-A21E-DE2EC6AE1739}"
EndProject
Global
	GlobalSection(SolutionConfigurationPlatforms) = preSolution
		Debug|Any CPU = Debug|Any CPU
		Release|Any CPU = Release|Any CPU
	EndGlobalSection
	GlobalSection(ProjectConfigurationPlatforms) = postSolution
		{5F9D1018-9751-460C-A21E-DE2EC6AE1739}.Debug|Any CPU.ActiveCfg = Debug|Any CPU
		{5F9D1018-9751-460C-A21E-DE2EC6AE1739}.Debug|Any CPU.Build.0 = Debug|Any CPU
		{5F9D1018-9751-460C-A21E-DE2EC6AE1739}.Release|Any CPU.ActiveCfg = Release|Any CPU
		{5F9D1018-9751-460C-A21E-DE2EC6AE1739}.Release|Any CPU.Build.0 = Release|Any CPU
	EndGlobalSection
	GlobalSection(SolutionProperties) = preSolution
		HideSolutionNode = FALSE
	EndGlobalSection
	GlobalSection(ExtensibilityGlobals) = postSolution
		SolutionGuid = {0C34F236-E8B0-46D8-A208-5337DEDF8D72}
	EndGlobalSection
EndGlobal
